
Microsoft Visual Studio Solution File, Format Version 12.00
# Visual Studio Version 17
VisualStudioVersion = 17.0.31912.275
MinimumVisualStudioVersion = 10.0.40219.1
Project("{FAE04EC0-301F-11D3-BF4B-00C04F79EFBC}") = "ConsoleApp1", "ConsoleApp1.csproj", "{637D0AE7-E02C-44BF-8E34-30F4FE021D15}"
EndProject
Global
	GlobalSection(SolutionConfigurationPlatforms) = preSolution
		Debug|Any CPU = Debug|Any CPU
		Release|Any CPU = Release|Any CPU
	EndGlobalSection
	GlobalSection(ProjectConfigurationPlatforms) = postSolution
		{637D0AE7-E02C-44BF-8E34-30F4FE021D15}.Debug|Any CPU.ActiveCfg = Debug|Any CPU
		{637D0AE7-E02C-44BF-8E34-30F4FE021D15}.Debug|Any CPU.Build.0 = Debug|Any CPU
		{637D0AE7-E02C-44BF-8E34-30F4FE021D15}.Release|Any CPU.ActiveCfg = Release|Any CPU
		{637D0AE7-E02C-44BF-8E34-30F4FE021D15}.Release|Any CPU.Build.0 = Release|Any CPU
	EndGlobalSection
	GlobalSection(SolutionProperties) = preSolution
		HideSolutionNode = FALSE
	EndGlobalSection
	GlobalSection(ExtensibilityGlobals) = postSolution
		SolutionGuid = {7BCCCA07-2F91-4E32-9937-B1D848271DEC}
	EndGlobalSection
EndGlobal
